{
  "name": "npm_pkgs",
  "version": "1.0.0",
  "lockfileVersion": 3,
  "requires": true,
  "packages": {
    "": {
      "name": "npm_pkgs",
      "version": "1.0.0",
      "license": "ISC",
      "dependencies": {
        "@bangladeshi/bangladesh-address": "^2.1.0",
        "bangladesh-geo-data": "^4.0.9",
        "bangladesh-location-data": "^1.0.6",
        "bd-geodata": "^1.0.7",
        "bd-geojson": "^1.0.5",
        "bdatlas": "^1.0.10"
      }
    },
    "node_modules/@bangladeshi/bangladesh-address": {
      "version": "2.1.0",
      "resolved": "https://registry.npmjs.org/@bangladeshi/bangladesh-address/-/bangladesh-address-2.1.0.tgz",
      "integrity": "sha512-Gq0SOlONv9MtbcGr1BJHzrFs2ZHEY4x1gvuO9I2UjE72xEhgdqap8qyTC3TuQqMG6RAOk1hoA4wIHZo5pWyIVg==",
      "license": "MIT"
    },
    "node_modules/bangladesh-geo-data": {
      "version": "4.0.9",
      "resolved": "https://registry.npmjs.org/bangladesh-geo-data/-/bangladesh-geo-data-4.0.9.tgz",
      "integrity": "sha512-YQFR9SrV7Xu89guE8PsmKroUP/lRhrVBoR6/I81EBzDulWOIC/lswKcj31KdhH8drngsZtPCE/gDDnJz/pmmYg==",
      "license": "MIT"
    },
    "node_modules/bangladesh-location-data": {
      "version": "1.0.6",
      "resolved": "https://registry.npmjs.org/bangladesh-location-data/-/bangladesh-location-data-1.0.6.tgz",
      "integrity": "sha512-lf76vgVRRC6GTeIUWYyOkRfP7MlpV27KipINoamLSudnN0A7aGMgzkqj30117m5SA7FjXyU3mcmDvGIBG+rS3g==",
      "license": "MIT",
      "engines": {
        "node": ">=12.0.0"
      },
      "peerDependencies": {
        "react": ">=16.8.0 || ^17.0.0 || ^18.0.0 || ^19.0.0"
      },
      "peerDependenciesMeta": {
        "react": {
          "optional": true
        }
      }
    },
    "node_modules/bd-geodata": {
      "version": "1.0.7",
      "resolved": "https://registry.npmjs.org/bd-geodata/-/bd-geodata-1.0.7.tgz",
      "integrity": "sha512-hzNhfZMpsEAecmJ3Ftvf4IU+o0VAkXGUdMMcrnv2DRp9yj6ngmcI88gmHbZQYTlBfED5JExEdNccm9Irskulpw==",
      "license": "MIT"
    },
    "node_modules/bd-geojson": {
      "version": "1.0.5",
      "resolved": "https://registry.npmjs.org/bd-geojson/-/bd-geojson-1.0.5.tgz",
      "integrity": "sha512-X+w+N3EZ6lVDQJO8aewKpUfu9kTbFSsA4uvkmj78Rog5xMuKQrqxT7nzlKU+zzD4hFz3lzfPlu3ZwNtqhJG5/Q==",
      "license": "MIT"
    },
    "node_modules/bdatlas": {
      "version": "1.0.10",
      "resolved": "https://registry.npmjs.org/bdatlas/-/bdatlas-1.0.10.tgz",
      "integrity": "sha512-NKU3zIhYIAxVBWiEmV7m7zyu1vgUCsgHFGOf+SlmwnaoNoSySbc9am0pLXJ3eQ0svAjDJDgSWreaOz1279s+0g==",
      "license": "MIT",
      "dependencies": {
        "leaflet": "^1.9.4"
      }
    },
    "node_modules/leaflet": {
      "version": "1.9.4",
      "resolved": "https://registry.npmjs.org/leaflet/-/leaflet-1.9.4.tgz",
      "integrity": "sha512-nxS1ynzJOmOlHp+iL3FyWqK89GtNL8U8rvlMOsQdTTssxZwCXh8N2NB3GDQOL+YR3XnWyZAxwQixURb+FA74PA==",
      "license": "BSD-2-Clause"
    }
  }
}
